PODS:
  - CruiserWebViewController (7.0):
    - IPSqueezableViewController (>= 0.0.2)
  - IPSqueezableViewController (0.0.2)

DEPENDENCIES:
  - CruiserWebViewController (from `../../CruiserWebViewController.podspec`)

EXTERNAL SOURCES:
  CruiserWebViewController:
    :path: ../../CruiserWebViewController.podspec

SPEC CHECKSUMS:
  CruiserWebViewController: ec1c201e81d82fa149f388134764d0363ed3382d
  IPSqueezableViewController: 00f53b20ce38e7b08f86c1a1066fb15d13b7ed58

COCOAPODS: 0.35.0
