PODS:
  - CruiserWebViewController (6.0)

DEPENDENCIES:
  - CruiserWebViewController (from `../../CruiserWebViewController.podspec`)

EXTERNAL SOURCES:
  CruiserWebViewController:
    :path: ../../CruiserWebViewController.podspec

SPEC CHECKSUMS:
  CruiserWebViewController: 153d486dcd4cc0a925ddad63eca03a750a792473

COCOAPODS: 0.35.0
